
Microsoft Visual Studio Solution File, Format Version 12.00
# Visual Studio 15
VisualStudioVersion = 15.0.28307.1022
MinimumVisualStudioVersion = 10.0.40219.1
Project("{FAE04EC0-301F-11D3-BF4B-00C04F79EFBC}") = "ibpj-controle-fontes-db", "ibpj-controle-fontes-db\ibpj-controle-fontes-db.csproj", "{32C5BF2F-CCB8-4CCA-9B66-4CC71291143F}"
EndProject
Project("{FAE04EC0-301F-11D3-BF4B-00C04F79EFBC}") = "ibpj-controle-fontes-db-ssmsproject", "ibpj-controle-fontes-db-ssmsproject\ibpj-controle-fontes-db-ssmsproject.csproj", "{21C53EF0-7E82-4A95-84DC-080BD12DE330}"
EndProject
Project("{FAE04EC0-301F-11D3-BF4B-00C04F79EFBC}") = "ibpj-controle-fontes-db-conf", "ibpj-controle-fontes-db-conf\ibpj-controle-fontes-db-conf.csproj", "{9785E413-99D5-407B-94B4-E4ADEA43DE1C}"
EndProject
Project("{FAE04EC0-301F-11D3-BF4B-00C04F79EFBC}") = "ibpj-controle-fontes-db-teste-unitario", "ibpj-controle-fontes-db-teste-unitario\ibpj-controle-fontes-db-teste-unitario.csproj", "{2259AA20-30A1-45F2-83A8-5D6331AFBBDA}"
EndProject
Project("{FAE04EC0-301F-11D3-BF4B-00C04F79EFBC}") = "ibpj-controle-fontes-git", "ibpj-controle-fontes-git\ibpj-controle-fontes-git.csproj", "{2C9AFBDE-69B1-4FBC-A0BF-B5CB2547DB5B}"
EndProject
Global
	GlobalSection(SolutionConfigurationPlatforms) = preSolution
		Debug|Any CPU = Debug|Any CPU
		Release|Any CPU = Release|Any CPU
	EndGlobalSection
	GlobalSection(ProjectConfigurationPlatforms) = postSolution
		{32C5BF2F-CCB8-4CCA-9B66-4CC71291143F}.Debug|Any CPU.ActiveCfg = Debug|Any CPU
		{32C5BF2F-CCB8-4CCA-9B66-4CC71291143F}.Debug|Any CPU.Build.0 = Debug|Any CPU
		{32C5BF2F-CCB8-4CCA-9B66-4CC71291143F}.Release|Any CPU.ActiveCfg = Release|Any CPU
		{32C5BF2F-CCB8-4CCA-9B66-4CC71291143F}.Release|Any CPU.Build.0 = Release|Any CPU
		{21C53EF0-7E82-4A95-84DC-080BD12DE330}.Debug|Any CPU.ActiveCfg = Debug|Any CPU
		{21C53EF0-7E82-4A95-84DC-080BD12DE330}.Debug|Any CPU.Build.0 = Debug|Any CPU
		{21C53EF0-7E82-4A95-84DC-080BD12DE330}.Release|Any CPU.ActiveCfg = Release|Any CPU
		{21C53EF0-7E82-4A95-84DC-080BD12DE330}.Release|Any CPU.Build.0 = Release|Any CPU
		{9785E413-99D5-407B-94B4-E4ADEA43DE1C}.Debug|Any CPU.ActiveCfg = Debug|Any CPU
		{9785E413-99D5-407B-94B4-E4ADEA43DE1C}.Debug|Any CPU.Build.0 = Debug|Any CPU
		{9785E413-99D5-407B-94B4-E4ADEA43DE1C}.Release|Any CPU.ActiveCfg = Release|Any CPU
		{9785E413-99D5-407B-94B4-E4ADEA43DE1C}.Release|Any CPU.Build.0 = Release|Any CPU
		{2259AA20-30A1-45F2-83A8-5D6331AFBBDA}.Debug|Any CPU.ActiveCfg = Debug|Any CPU
		{2259AA20-30A1-45F2-83A8-5D6331AFBBDA}.Debug|Any CPU.Build.0 = Debug|Any CPU
		{2259AA20-30A1-45F2-83A8-5D6331AFBBDA}.Release|Any CPU.ActiveCfg = Release|Any CPU
		{2259AA20-30A1-45F2-83A8-5D6331AFBBDA}.Release|Any CPU.Build.0 = Release|Any CPU
		{2C9AFBDE-69B1-4FBC-A0BF-B5CB2547DB5B}.Debug|Any CPU.ActiveCfg = Debug|Any CPU
		{2C9AFBDE-69B1-4FBC-A0BF-B5CB2547DB5B}.Debug|Any CPU.Build.0 = Debug|Any CPU
		{2C9AFBDE-69B1-4FBC-A0BF-B5CB2547DB5B}.Release|Any CPU.ActiveCfg = Release|Any CPU
		{2C9AFBDE-69B1-4FBC-A0BF-B5CB2547DB5B}.Release|Any CPU.Build.0 = Release|Any CPU
	EndGlobalSection
	GlobalSection(SolutionProperties) = preSolution
		HideSolutionNode = FALSE
	EndGlobalSection
	GlobalSection(ExtensibilityGlobals) = postSolution
		SolutionGuid = {4BD2DBC9-77D2-461C-8FDA-581338DFA0D9}
	EndGlobalSection
EndGlobal
