
Microsoft Visual Studio Solution File, Format Version 12.00
# Visual Studio 15
VisualStudioVersion = 15.0.28307.1022
MinimumVisualStudioVersion = 10.0.40219.1
Project("{FAE04EC0-301F-11D3-BF4B-00C04F79EFBC}") = "ibpj-menudinamico-ne", "ibpj-menudinamico-ne\ibpj-menudinamico-ne.csproj", "{24EFDD89-9C40-489F-B5A2-BC83FDB1561C}"
EndProject
Global
	GlobalSection(SolutionConfigurationPlatforms) = preSolution
		Debug|Any CPU = Debug|Any CPU
		Release|Any CPU = Release|Any CPU
	EndGlobalSection
	GlobalSection(ProjectConfigurationPlatforms) = postSolution
		{24EFDD89-9C40-489F-B5A2-BC83FDB1561C}.Debug|Any CPU.ActiveCfg = Debug|Any CPU
		{24EFDD89-9C40-489F-B5A2-BC83FDB1561C}.Debug|Any CPU.Build.0 = Debug|Any CPU
		{24EFDD89-9C40-489F-B5A2-BC83FDB1561C}.Release|Any CPU.ActiveCfg = Release|Any CPU
		{24EFDD89-9C40-489F-B5A2-BC83FDB1561C}.Release|Any CPU.Build.0 = Release|Any CPU
	EndGlobalSection
	GlobalSection(SolutionProperties) = preSolution
		HideSolutionNode = FALSE
	EndGlobalSection
	GlobalSection(ExtensibilityGlobals) = postSolution
		SolutionGuid = {02E05CED-5075-4C51-BACC-27351C6B2CB8}
	EndGlobalSection
EndGlobal
